
Microsoft Visual Studio Solution File, Format Version 12.00
# Visual Studio Version 16
VisualStudioVersion = 16.0.29102.190
MinimumVisualStudioVersion = 10.0.40219.1
Project("{FAE04EC0-301F-11D3-BF4B-00C04F79EFBC}") = "prosegur_calendar", "prosegur_calendar.csproj", "{0A78F520-176A-4118-97E9-74A1D2BDAF1F}"
EndProject
Project("{FAE04EC0-301F-11D3-BF4B-00C04F79EFBC}") = "prosegur_calendar.Tests", "..\prosegur_calendar.Tests\prosegur_calendar.Tests.csproj", "{262D7132-E337-4DD2-9193-D588A5B39052}"
EndProject
Project("{FAE04EC0-301F-11D3-BF4B-00C04F79EFBC}") = "d_prosegur", "..\d_prosegur\d_prosegur.csproj", "{087F40DE-3D54-4384-8071-F426BCD7DDD1}"
EndProject
Project("{FAE04EC0-301F-11D3-BF4B-00C04F79EFBC}") = "e_prosegur", "..\e_prosegur\e_prosegur.csproj", "{57D3C0CC-58AA-4DEA-B18A-9444E78154F9}"
EndProject
Project("{FAE04EC0-301F-11D3-BF4B-00C04F79EFBC}") = "n_prosegur", "..\n_prosegur\n_prosegur.csproj", "{ADDA821C-9310-4C39-884A-3AB509AA67F5}"
EndProject
Global
	GlobalSection(SolutionConfigurationPlatforms) = preSolution
		Debug|Any CPU = Debug|Any CPU
		Release|Any CPU = Release|Any CPU
	EndGlobalSection
	GlobalSection(ProjectConfigurationPlatforms) = postSolution
		{0A78F520-176A-4118-97E9-74A1D2BDAF1F}.Debug|Any CPU.ActiveCfg = Debug|Any CPU
		{0A78F520-176A-4118-97E9-74A1D2BDAF1F}.Debug|Any CPU.Build.0 = Debug|Any CPU
		{0A78F520-176A-4118-97E9-74A1D2BDAF1F}.Release|Any CPU.ActiveCfg = Release|Any CPU
		{0A78F520-176A-4118-97E9-74A1D2BDAF1F}.Release|Any CPU.Build.0 = Release|Any CPU
		{262D7132-E337-4DD2-9193-D588A5B39052}.Debug|Any CPU.ActiveCfg = Debug|Any CPU
		{262D7132-E337-4DD2-9193-D588A5B39052}.Debug|Any CPU.Build.0 = Debug|Any CPU
		{262D7132-E337-4DD2-9193-D588A5B39052}.Release|Any CPU.ActiveCfg = Release|Any CPU
		{262D7132-E337-4DD2-9193-D588A5B39052}.Release|Any CPU.Build.0 = Release|Any CPU
		{087F40DE-3D54-4384-8071-F426BCD7DDD1}.Debug|Any CPU.ActiveCfg = Debug|Any CPU
		{087F40DE-3D54-4384-8071-F426BCD7DDD1}.Debug|Any CPU.Build.0 = Debug|Any CPU
		{087F40DE-3D54-4384-8071-F426BCD7DDD1}.Release|Any CPU.ActiveCfg = Release|Any CPU
		{087F40DE-3D54-4384-8071-F426BCD7DDD1}.Release|Any CPU.Build.0 = Release|Any CPU
		{57D3C0CC-58AA-4DEA-B18A-9444E78154F9}.Debug|Any CPU.ActiveCfg = Debug|Any CPU
		{57D3C0CC-58AA-4DEA-B18A-9444E78154F9}.Debug|Any CPU.Build.0 = Debug|Any CPU
		{57D3C0CC-58AA-4DEA-B18A-9444E78154F9}.Release|Any CPU.ActiveCfg = Release|Any CPU
		{57D3C0CC-58AA-4DEA-B18A-9444E78154F9}.Release|Any CPU.Build.0 = Release|Any CPU
		{ADDA821C-9310-4C39-884A-3AB509AA67F5}.Debug|Any CPU.ActiveCfg = Debug|Any CPU
		{ADDA821C-9310-4C39-884A-3AB509AA67F5}.Debug|Any CPU.Build.0 = Debug|Any CPU
		{ADDA821C-9310-4C39-884A-3AB509AA67F5}.Release|Any CPU.ActiveCfg = Release|Any CPU
		{ADDA821C-9310-4C39-884A-3AB509AA67F5}.Release|Any CPU.Build.0 = Release|Any CPU
	EndGlobalSection
	GlobalSection(SolutionProperties) = preSolution
		HideSolutionNode = FALSE
	EndGlobalSection
	GlobalSection(ExtensibilityGlobals) = postSolution
		SolutionGuid = {4B687063-22C0-4284-BA55-B0A8461AA322}
	EndGlobalSection
EndGlobal
